
Microsoft Visual Studio Solution File, Format Version 12.00
# Visual Studio Version 17
VisualStudioVersion = 17.5.33530.505
MinimumVisualStudioVersion = 10.0.40219.1
Project("{FAE04EC0-301F-11D3-BF4B-00C04F79EFBC}") = "DACNPM", "DACNPM\DACNPM.csproj", "{BF3C7A90-4B06-4DB0-94B8-D5E8DF52E91A}"
EndProject
Global
	GlobalSection(SolutionConfigurationPlatforms) = preSolution
		Debug|Any CPU = Debug|Any CPU
		Release|Any CPU = Release|Any CPU
	EndGlobalSection
	GlobalSection(ProjectConfigurationPlatforms) = postSolution
		{BF3C7A90-4B06-4DB0-94B8-D5E8DF52E91A}.Debug|Any CPU.ActiveCfg = Debug|Any CPU
		{BF3C7A90-4B06-4DB0-94B8-D5E8DF52E91A}.Debug|Any CPU.Build.0 = Debug|Any CPU
		{BF3C7A90-4B06-4DB0-94B8-D5E8DF52E91A}.Release|Any CPU.ActiveCfg = Release|Any CPU
		{BF3C7A90-4B06-4DB0-94B8-D5E8DF52E91A}.Release|Any CPU.Build.0 = Release|Any CPU
	EndGlobalSection
	GlobalSection(SolutionProperties) = preSolution
		HideSolutionNode = FALSE
	EndGlobalSection
	GlobalSection(ExtensibilityGlobals) = postSolution
		SolutionGuid = {12CB7C2F-AF06-470F-A4AF-42AE0B32BF2D}
	EndGlobalSection
EndGlobal
